
Microsoft Visual Studio Solution File, Format Version 12.00
# Visual Studio Version 17
VisualStudioVersion = 17.11.35431.28
MinimumVisualStudioVersion = 10.0.40219.1
Project("{9A19103F-16F7-4668-BE54-9A1E7A4F7556}") = "identity", "identity\identity.csproj", "{991CBF27-3883-4F98-967F-6CF00E5F3C38}"
EndProject
Global
	GlobalSection(SolutionConfigurationPlatforms) = preSolution
		Debug|Any CPU = Debug|Any CPU
		Release|Any CPU = Release|Any CPU
	EndGlobalSection
	GlobalSection(ProjectConfigurationPlatforms) = postSolution
		{991CBF27-3883-4F98-967F-6CF00E5F3C38}.Debug|Any CPU.ActiveCfg = Debug|Any CPU
		{991CBF27-3883-4F98-967F-6CF00E5F3C38}.Debug|Any CPU.Build.0 = Debug|Any CPU
		{991CBF27-3883-4F98-967F-6CF00E5F3C38}.Release|Any CPU.ActiveCfg = Release|Any CPU
		{991CBF27-3883-4F98-967F-6CF00E5F3C38}.Release|Any CPU.Build.0 = Release|Any CPU
	EndGlobalSection
	GlobalSection(SolutionProperties) = preSolution
		HideSolutionNode = FALSE
	EndGlobalSection
	GlobalSection(ExtensibilityGlobals) = postSolution
		SolutionGuid = {29277E34-F09A-47E4-AA9B-470EE2DC18CA}
	EndGlobalSection
EndGlobal
